// !$*UTF8*$!
{
	archiveVersion = 1;
	classes = {
	};
	objectVersion = 56;
	objects = {

/* Begin PBXBuildFile section */
		E44E4BC62C2E885300DE3056 /* SwiftTeamApp.swift in Sources */ = {isa = PBXBuildFile; fileRef = E44E4BC52C2E885300DE3056 /* SwiftTeamApp.swift */; };
		E44E4BC82C2E885300DE3056 /* ContentView.swift in Sources */ = {isa = PBXBuildFile; fileRef = E44E4BC72C2E885300DE3056 /* ContentView.swift */; };
		E44E4BCA2C2E885500DE3056 /* Assets.xcassets in Resources */ = {isa = PBXBuildFile; fileRef = E44E4BC92C2E885500DE3056 /* Assets.xcassets */; };
		E44E4BCD2C2E885500DE3056 /* Preview Assets.xcassets in Resources */ = {isa = PBXBuildFile; fileRef = E44E4BCC2C2E885500DE3056 /* Preview Assets.xcassets */; };
		E44E4BE02C2E8D5A00DE3056 /* StartView.swift in Sources */ = {isa = PBXBuildFile; fileRef = E44E4BDF2C2E8D5A00DE3056 /* StartView.swift */; };
		E44E4BE22C2E8D8700DE3056 /* HaskTextView.swift in Sources */ = {isa = PBXBuildFile; fileRef = E44E4BE12C2E8D8700DE3056 /* HaskTextView.swift */; };
		E44E4BE42C2E8DC300DE3056 /* Color.swift in Sources */ = {isa = PBXBuildFile; fileRef = E44E4BE32C2E8DC300DE3056 /* Color.swift */; };
		E44E4BE62C2E8E2A00DE3056 /* ShimmerEffect.swift in Sources */ = {isa = PBXBuildFile; fileRef = E44E4BE52C2E8E2A00DE3056 /* ShimmerEffect.swift */; };
		E44E4BE82C2E8E6200DE3056 /* VideoPlayerCustom.swift in Sources */ = {isa = PBXBuildFile; fileRef = E44E4BE72C2E8E6200DE3056 /* VideoPlayerCustom.swift */; };
		E44E4BEA2C2E8EB400DE3056 /* TransparentBlurView.swift in Sources */ = {isa = PBXBuildFile; fileRef = E44E4BE92C2E8EB400DE3056 /* TransparentBlurView.swift */; };
		E44E4BEC2C2E8EFD00DE3056 /* TabBarView.swift in Sources */ = {isa = PBXBuildFile; fileRef = E44E4BEB2C2E8EFD00DE3056 /* TabBarView.swift */; };
		E44E4BF22C2E8F7900DE3056 /* FeedView.swift in Sources */ = {isa = PBXBuildFile; fileRef = E44E4BF12C2E8F7900DE3056 /* FeedView.swift */; };
		E44E4BFD2C2E8FF200DE3056 /* CreateDummyView.swift in Sources */ = {isa = PBXBuildFile; fileRef = E44E4BF32C2E8FF200DE3056 /* CreateDummyView.swift */; };
		E44E4BFE2C2E8FF200DE3056 /* CreatePostView.swift in Sources */ = {isa = PBXBuildFile; fileRef = E44E4BF42C2E8FF200DE3056 /* CreatePostView.swift */; };
		E44E4BFF2C2E8FF200DE3056 /* CreatePostViewModel.swift in Sources */ = {isa = PBXBuildFile; fileRef = E44E4BF62C2E8FF200DE3056 /* CreatePostViewModel.swift */; };
		E44E4C012C2E8FF200DE3056 /* AddPostButtons.swift in Sources */ = {isa = PBXBuildFile; fileRef = E44E4BF92C2E8FF200DE3056 /* AddPostButtons.swift */; };
		E44E4C022C2E8FF200DE3056 /* MediaItemCard.swift in Sources */ = {isa = PBXBuildFile; fileRef = E44E4BFA2C2E8FF200DE3056 /* MediaItemCard.swift */; };
		E44E4C032C2E8FF200DE3056 /* MediaTransferable.swift in Sources */ = {isa = PBXBuildFile; fileRef = E44E4BFB2C2E8FF200DE3056 /* MediaTransferable.swift */; };
		E44E4C052C2E917800DE3056 /* VisibleIndexKey.swift in Sources */ = {isa = PBXBuildFile; fileRef = E44E4C042C2E917800DE3056 /* VisibleIndexKey.swift */; };
		E44E4C072C2E920500DE3056 /* CircularProfileImageView.swift in Sources */ = {isa = PBXBuildFile; fileRef = E44E4C062C2E920500DE3056 /* CircularProfileImageView.swift */; };
		E44E4C0A2C2E925000DE3056 /* SDWebImageSwiftUI in Frameworks */ = {isa = PBXBuildFile; productRef = E44E4C092C2E925000DE3056 /* SDWebImageSwiftUI */; };
		E44E4C0C2C2E92A900DE3056 /* User.swift in Sources */ = {isa = PBXBuildFile; fileRef = E44E4C0B2C2E92A900DE3056 /* User.swift */; };
		E44E4C0F2C2E96B000DE3056 /* CurrentUserProfileView.swift in Sources */ = {isa = PBXBuildFile; fileRef = E44E4C0E2C2E96B000DE3056 /* CurrentUserProfileView.swift */; };
		E44E4C132C2E9FB800DE3056 /* Post.swift in Sources */ = {isa = PBXBuildFile; fileRef = E44E4C122C2E9FB800DE3056 /* Post.swift */; };
		E44E4C192C2EA27400DE3056 /* ActivityView.swift in Sources */ = {isa = PBXBuildFile; fileRef = E44E4C182C2EA27400DE3056 /* ActivityView.swift */; };
		E44E4C1D2C2EA2C100DE3056 /* ExploreView.swift in Sources */ = {isa = PBXBuildFile; fileRef = E44E4C1C2C2EA2C100DE3056 /* ExploreView.swift */; };
		E4E31D792C2EC2DB00FFE7D9 /* SwiftfulRouting in Frameworks */ = {isa = PBXBuildFile; productRef = E4E31D782C2EC2DB00FFE7D9 /* SwiftfulRouting */; };
		E4E31D7C2C2EC2F700FFE7D9 /* SwiftfulUI in Frameworks */ = {isa = PBXBuildFile; productRef = E4E31D7B2C2EC2F700FFE7D9 /* SwiftfulUI */; };
		E4E31D822C2F239A00FFE7D9 /* FeedHeroCell.swift in Sources */ = {isa = PBXBuildFile; fileRef = E4E31D812C2F239A00FFE7D9 /* FeedHeroCell.swift */; };
		E4E31D842C2F23D900FFE7D9 /* Constants.swift in Sources */ = {isa = PBXBuildFile; fileRef = E4E31D832C2F23D900FFE7D9 /* Constants.swift */; };
		E4E31D862C2F23FB00FFE7D9 /* ImageLoaderView.swift in Sources */ = {isa = PBXBuildFile; fileRef = E4E31D852C2F23FB00FFE7D9 /* ImageLoaderView.swift */; };
		E4E31DAE2C309B6000FFE7D9 /* SearchTab.swift in Sources */ = {isa = PBXBuildFile; fileRef = E4E31DAD2C309B6000FFE7D9 /* SearchTab.swift */; };
		E4E31DB52C31A84700FFE7D9 /* GoogleService-Info.plist in Resources */ = {isa = PBXBuildFile; fileRef = E4E31DB42C31A84700FFE7D9 /* GoogleService-Info.plist */; };
		E4E31DB82C31AA0D00FFE7D9 /* FirebaseAuth in Frameworks */ = {isa = PBXBuildFile; productRef = E4E31DB72C31AA0D00FFE7D9 /* FirebaseAuth */; };
		E4E31DBB2C31AA8D00FFE7D9 /* Login.swift in Sources */ = {isa = PBXBuildFile; fileRef = E4E31DBA2C31AA8D00FFE7D9 /* Login.swift */; };
/* End PBXBuildFile section */

/* Begin PBXFileReference section */
		E44E4BC22C2E885300DE3056 /* SwiftTeam.app */ = {isa = PBXFileReference; explicitFileType = wrapper.application; includeInIndex = 0; path = SwiftTeam.app; sourceTree = BUILT_PRODUCTS_DIR; };
		E44E4BC52C2E885300DE3056 /* SwiftTeamApp.swift */ = {isa = PBXFileReference; lastKnownFileType = sourcecode.swift; path = SwiftTeamApp.swift; sourceTree = "<group>"; };
		E44E4BC72C2E885300DE3056 /* ContentView.swift */ = {isa = PBXFileReference; lastKnownFileType = sourcecode.swift; path = ContentView.swift; sourceTree = "<group>"; };
		E44E4BC92C2E885500DE3056 /* Assets.xcassets */ = {isa = PBXFileReference; lastKnownFileType = folder.assetcatalog; path = Assets.xcassets; sourceTree = "<group>"; };
		E44E4BCC2C2E885500DE3056 /* Preview Assets.xcassets */ = {isa = PBXFileReference; lastKnownFileType = folder.assetcatalog; path = "Preview Assets.xcassets"; sourceTree = "<group>"; };
		E44E4BDF2C2E8D5A00DE3056 /* StartView.swift */ = {isa = PBXFileReference; lastKnownFileType = sourcecode.swift; path = StartView.swift; sourceTree = "<group>"; };
		E44E4BE12C2E8D8700DE3056 /* HaskTextView.swift */ = {isa = PBXFileReference; lastKnownFileType = sourcecode.swift; path = HaskTextView.swift; sourceTree = "<group>"; };
		E44E4BE32C2E8DC300DE3056 /* Color.swift */ = {isa = PBXFileReference; lastKnownFileType = sourcecode.swift; path = Color.swift; sourceTree = "<group>"; };
		E44E4BE52C2E8E2A00DE3056 /* ShimmerEffect.swift */ = {isa = PBXFileReference; lastKnownFileType = sourcecode.swift; path = ShimmerEffect.swift; sourceTree = "<group>"; };
		E44E4BE72C2E8E6200DE3056 /* VideoPlayerCustom.swift */ = {isa = PBXFileReference; lastKnownFileType = sourcecode.swift; path = VideoPlayerCustom.swift; sourceTree = "<group>"; };
		E44E4BE92C2E8EB400DE3056 /* TransparentBlurView.swift */ = {isa = PBXFileReference; lastKnownFileType = sourcecode.swift; path = TransparentBlurView.swift; sourceTree = "<group>"; };
		E44E4BEB2C2E8EFD00DE3056 /* TabBarView.swift */ = {isa = PBXFileReference; lastKnownFileType = sourcecode.swift; path = TabBarView.swift; sourceTree = "<group>"; };
		E44E4BF12C2E8F7900DE3056 /* FeedView.swift */ = {isa = PBXFileReference; lastKnownFileType = sourcecode.swift; path = FeedView.swift; sourceTree = "<group>"; };
		E44E4BF32C2E8FF200DE3056 /* CreateDummyView.swift */ = {isa = PBXFileReference; fileEncoding = 4; lastKnownFileType = sourcecode.swift; path = CreateDummyView.swift; sourceTree = "<group>"; };
		E44E4BF42C2E8FF200DE3056 /* CreatePostView.swift */ = {isa = PBXFileReference; fileEncoding = 4; lastKnownFileType = sourcecode.swift; path = CreatePostView.swift; sourceTree = "<group>"; };
		E44E4BF62C2E8FF200DE3056 /* CreatePostViewModel.swift */ = {isa = PBXFileReference; fileEncoding = 4; lastKnownFileType = sourcecode.swift; path = CreatePostViewModel.swift; sourceTree = "<group>"; };
		E44E4BF92C2E8FF200DE3056 /* AddPostButtons.swift */ = {isa = PBXFileReference; fileEncoding = 4; lastKnownFileType = sourcecode.swift; path = AddPostButtons.swift; sourceTree = "<group>"; };
		E44E4BFA2C2E8FF200DE3056 /* MediaItemCard.swift */ = {isa = PBXFileReference; fileEncoding = 4; lastKnownFileType = sourcecode.swift; path = MediaItemCard.swift; sourceTree = "<group>"; };
		E44E4BFB2C2E8FF200DE3056 /* MediaTransferable.swift */ = {isa = PBXFileReference; fileEncoding = 4; lastKnownFileType = sourcecode.swift; path = MediaTransferable.swift; sourceTree = "<group>"; };
		E44E4C042C2E917800DE3056 /* VisibleIndexKey.swift */ = {isa = PBXFileReference; fileEncoding = 4; lastKnownFileType = sourcecode.swift; path = VisibleIndexKey.swift; sourceTree = "<group>"; };
		E44E4C062C2E920500DE3056 /* CircularProfileImageView.swift */ = {isa = PBXFileReference; lastKnownFileType = sourcecode.swift; path = CircularProfileImageView.swift; sourceTree = "<group>"; };
		E44E4C0B2C2E92A900DE3056 /* User.swift */ = {isa = PBXFileReference; lastKnownFileType = sourcecode.swift; path = User.swift; sourceTree = "<group>"; };
		E44E4C0E2C2E96B000DE3056 /* CurrentUserProfileView.swift */ = {isa = PBXFileReference; lastKnownFileType = sourcecode.swift; path = CurrentUserProfileView.swift; sourceTree = "<group>"; };
		E44E4C122C2E9FB800DE3056 /* Post.swift */ = {isa = PBXFileReference; lastKnownFileType = sourcecode.swift; path = Post.swift; sourceTree = "<group>"; };
		E44E4C182C2EA27400DE3056 /* ActivityView.swift */ = {isa = PBXFileReference; lastKnownFileType = sourcecode.swift; path = ActivityView.swift; sourceTree = "<group>"; };
		E44E4C1C2C2EA2C100DE3056 /* ExploreView.swift */ = {isa = PBXFileReference; lastKnownFileType = sourcecode.swift; path = ExploreView.swift; sourceTree = "<group>"; };
		E4E31D812C2F239A00FFE7D9 /* FeedHeroCell.swift */ = {isa = PBXFileReference; lastKnownFileType = sourcecode.swift; path = FeedHeroCell.swift; sourceTree = "<group>"; };
		E4E31D832C2F23D900FFE7D9 /* Constants.swift */ = {isa = PBXFileReference; fileEncoding = 4; lastKnownFileType = sourcecode.swift; path = Constants.swift; sourceTree = "<group>"; };
		E4E31D852C2F23FB00FFE7D9 /* ImageLoaderView.swift */ = {isa = PBXFileReference; lastKnownFileType = sourcecode.swift; path = ImageLoaderView.swift; sourceTree = "<group>"; };
		E4E31DAD2C309B6000FFE7D9 /* SearchTab.swift */ = {isa = PBXFileReference; lastKnownFileType = sourcecode.swift; path = SearchTab.swift; sourceTree = "<group>"; };
		E4E31DB42C31A84700FFE7D9 /* GoogleService-Info.plist */ = {isa = PBXFileReference; fileEncoding = 4; lastKnownFileType = text.plist.xml; path = "GoogleService-Info.plist"; sourceTree = "<group>"; };
		E4E31DB92C31AA3200FFE7D9 /* SwiftTeam.entitlements */ = {isa = PBXFileReference; lastKnownFileType = text.plist.entitlements; path = SwiftTeam.entitlements; sourceTree = "<group>"; };
		E4E31DBA2C31AA8D00FFE7D9 /* Login.swift */ = {isa = PBXFileReference; lastKnownFileType = sourcecode.swift; path = Login.swift; sourceTree = "<group>"; };
/* End PBXFileReference section */

/* Begin PBXFrameworksBuildPhase section */
		E44E4BBF2C2E885300DE3056 /* Frameworks */ = {
			isa = PBXFrameworksBuildPhase;
			buildActionMask = 2147483647;
			files = (
				E4E31D7C2C2EC2F700FFE7D9 /* SwiftfulUI in Frameworks */,
				E44E4C0A2C2E925000DE3056 /* SDWebImageSwiftUI in Frameworks */,
				E4E31D792C2EC2DB00FFE7D9 /* SwiftfulRouting in Frameworks */,
				E4E31DB82C31AA0D00FFE7D9 /* FirebaseAuth in Frameworks */,
			);
			runOnlyForDeploymentPostprocessing = 0;
		};
/* End PBXFrameworksBuildPhase section */

/* Begin PBXGroup section */
		E44E4BB92C2E885300DE3056 = {
			isa = PBXGroup;
			children = (
				E44E4BC42C2E885300DE3056 /* SwiftTeam */,
				E44E4BC32C2E885300DE3056 /* Products */,
			);
			sourceTree = "<group>";
		};
		E44E4BC32C2E885300DE3056 /* Products */ = {
			isa = PBXGroup;
			children = (
				E44E4BC22C2E885300DE3056 /* SwiftTeam.app */,
			);
			name = Products;
			sourceTree = "<group>";
		};
		E44E4BC42C2E885300DE3056 /* SwiftTeam */ = {
			isa = PBXGroup;
			children = (
				E4E31DB92C31AA3200FFE7D9 /* SwiftTeam.entitlements */,
				E4E31DB42C31A84700FFE7D9 /* GoogleService-Info.plist */,
				E44E4BD32C2E89FB00DE3056 /* App */,
				E44E4BD42C2E8A1700DE3056 /* Core */,
				E44E4BD72C2E8A2F00DE3056 /* Extensions */,
				E44E4BD52C2E8A1C00DE3056 /* Model */,
				E44E4BD82C2E8A4900DE3056 /* Service */,
				E44E4BD62C2E8A2600DE3056 /* Utils */,
				E44E4BC92C2E885500DE3056 /* Assets.xcassets */,
				E44E4BCB2C2E885500DE3056 /* Preview Content */,
			);
			path = SwiftTeam;
			sourceTree = "<group>";
		};
		E44E4BCB2C2E885500DE3056 /* Preview Content */ = {
			isa = PBXGroup;
			children = (
				E44E4BCC2C2E885500DE3056 /* Preview Assets.xcassets */,
			);
			path = "Preview Content";
			sourceTree = "<group>";
		};
		E44E4BD32C2E89FB00DE3056 /* App */ = {
			isa = PBXGroup;
			children = (
				E44E4BC52C2E885300DE3056 /* SwiftTeamApp.swift */,
			);
			path = App;
			sourceTree = "<group>";
		};
		E44E4BD42C2E8A1700DE3056 /* Core */ = {
			isa = PBXGroup;
			children = (
				E4E31DB12C319F6E00FFE7D9 /* Auth */,
				E44E4BED2C2E8F4500DE3056 /* Feed */,
				E44E4C1A2C2EA2B000DE3056 /* Explore */,
				E44E4BDE2C2E8ADB00DE3056 /* Creation */,
				E44E4C142C2EA25400DE3056 /* Activity */,
				E44E4BDD2C2E8ACE00DE3056 /* Profile */,
				E44E4BDC2C2E8ABD00DE3056 /* TabBar */,
				E44E4BDB2C2E8AB000DE3056 /* Settings */,
				E44E4BD92C2E8A9E00DE3056 /* Root */,
			);
			path = Core;
			sourceTree = "<group>";
		};
		E44E4BD52C2E8A1C00DE3056 /* Model */ = {
			isa = PBXGroup;
			children = (
				E44E4C0B2C2E92A900DE3056 /* User.swift */,
				E44E4C122C2E9FB800DE3056 /* Post.swift */,
				E4E31D832C2F23D900FFE7D9 /* Constants.swift */,
			);
			path = Model;
			sourceTree = "<group>";
		};
		E44E4BD62C2E8A2600DE3056 /* Utils */ = {
			isa = PBXGroup;
			children = (
			);
			path = Utils;
			sourceTree = "<group>";
		};
		E44E4BD72C2E8A2F00DE3056 /* Extensions */ = {
			isa = PBXGroup;
			children = (
				E44E4BE12C2E8D8700DE3056 /* HaskTextView.swift */,
				E44E4BE32C2E8DC300DE3056 /* Color.swift */,
				E44E4BE52C2E8E2A00DE3056 /* ShimmerEffect.swift */,
				E44E4BE72C2E8E6200DE3056 /* VideoPlayerCustom.swift */,
				E44E4BE92C2E8EB400DE3056 /* TransparentBlurView.swift */,
				E44E4C042C2E917800DE3056 /* VisibleIndexKey.swift */,
				E44E4C062C2E920500DE3056 /* CircularProfileImageView.swift */,
				E4E31D852C2F23FB00FFE7D9 /* ImageLoaderView.swift */,
			);
			path = Extensions;
			sourceTree = "<group>";
		};
		E44E4BD82C2E8A4900DE3056 /* Service */ = {
			isa = PBXGroup;
			children = (
			);
			path = Service;
			sourceTree = "<group>";
		};
		E44E4BD92C2E8A9E00DE3056 /* Root */ = {
			isa = PBXGroup;
			children = (
				E44E4BC72C2E885300DE3056 /* ContentView.swift */,
				E4E31DAF2C319F3100FFE7D9 /* OnBoarding */,
			);
			path = Root;
			sourceTree = "<group>";
		};
		E44E4BDB2C2E8AB000DE3056 /* Settings */ = {
			isa = PBXGroup;
			children = (
			);
			path = Settings;
			sourceTree = "<group>";
		};
		E44E4BDC2C2E8ABD00DE3056 /* TabBar */ = {
			isa = PBXGroup;
			children = (
				E44E4BDF2C2E8D5A00DE3056 /* StartView.swift */,
				E44E4BEB2C2E8EFD00DE3056 /* TabBarView.swift */,
			);
			path = TabBar;
			sourceTree = "<group>";
		};
		E44E4BDD2C2E8ACE00DE3056 /* Profile */ = {
			isa = PBXGroup;
			children = (
				E44E4C102C2E96BD00DE3056 /* Components */,
				E44E4C112C2E96C700DE3056 /* ViewModel */,
				E44E4C0D2C2E96A600DE3056 /* View */,
			);
			path = Profile;
			sourceTree = "<group>";
		};
		E44E4BDE2C2E8ADB00DE3056 /* Creation */ = {
			isa = PBXGroup;
			children = (
				E44E4BFC2C2E8FF200DE3056 /* Components */,
				E44E4BF52C2E8FF200DE3056 /* View */,
				E44E4BF82C2E8FF200DE3056 /* ViewModel */,
			);
			path = Creation;
			sourceTree = "<group>";
		};
		E44E4BED2C2E8F4500DE3056 /* Feed */ = {
			isa = PBXGroup;
			children = (
				E44E4BEE2C2E8F5B00DE3056 /* Components */,
				E44E4BEF2C2E8F6300DE3056 /* View */,
				E44E4BF02C2E8F6900DE3056 /* ViewModel */,
			);
			path = Feed;
			sourceTree = "<group>";
		};
		E44E4BEE2C2E8F5B00DE3056 /* Components */ = {
			isa = PBXGroup;
			children = (
				E4E31D812C2F239A00FFE7D9 /* FeedHeroCell.swift */,
			);
			path = Components;
			sourceTree = "<group>";
		};
		E44E4BEF2C2E8F6300DE3056 /* View */ = {
			isa = PBXGroup;
			children = (
				E44E4BF12C2E8F7900DE3056 /* FeedView.swift */,
			);
			path = View;
			sourceTree = "<group>";
		};
		E44E4BF02C2E8F6900DE3056 /* ViewModel */ = {
			isa = PBXGroup;
			children = (
			);
			path = ViewModel;
			sourceTree = "<group>";
		};
		E44E4BF52C2E8FF200DE3056 /* View */ = {
			isa = PBXGroup;
			children = (
				E44E4BF32C2E8FF200DE3056 /* CreateDummyView.swift */,
				E44E4BF42C2E8FF200DE3056 /* CreatePostView.swift */,
			);
			path = View;
			sourceTree = "<group>";
		};
		E44E4BF82C2E8FF200DE3056 /* ViewModel */ = {
			isa = PBXGroup;
			children = (
				E44E4BF62C2E8FF200DE3056 /* CreatePostViewModel.swift */,
			);
			path = ViewModel;
			sourceTree = "<group>";
		};
		E44E4BFC2C2E8FF200DE3056 /* Components */ = {
			isa = PBXGroup;
			children = (
				E44E4BF92C2E8FF200DE3056 /* AddPostButtons.swift */,
				E44E4BFA2C2E8FF200DE3056 /* MediaItemCard.swift */,
				E44E4BFB2C2E8FF200DE3056 /* MediaTransferable.swift */,
			);
			path = Components;
			sourceTree = "<group>";
		};
		E44E4C0D2C2E96A600DE3056 /* View */ = {
			isa = PBXGroup;
			children = (
				E44E4C0E2C2E96B000DE3056 /* CurrentUserProfileView.swift */,
			);
			path = View;
			sourceTree = "<group>";
		};
		E44E4C102C2E96BD00DE3056 /* Components */ = {
			isa = PBXGroup;
			children = (
			);
			path = Components;
			sourceTree = "<group>";
		};
		E44E4C112C2E96C700DE3056 /* ViewModel */ = {
			isa = PBXGroup;
			children = (
			);
			path = ViewModel;
			sourceTree = "<group>";
		};
		E44E4C142C2EA25400DE3056 /* Activity */ = {
			isa = PBXGroup;
			children = (
				E44E4C162C2EA25F00DE3056 /* Components */,
				E44E4C172C2EA26600DE3056 /* ViewModel */,
				E44E4C152C2EA25A00DE3056 /* View */,
			);
			path = Activity;
			sourceTree = "<group>";
		};
		E44E4C152C2EA25A00DE3056 /* View */ = {
			isa = PBXGroup;
			children = (
				E44E4C182C2EA27400DE3056 /* ActivityView.swift */,
			);
			path = View;
			sourceTree = "<group>";
		};
		E44E4C162C2EA25F00DE3056 /* Components */ = {
			isa = PBXGroup;
			children = (
			);
			path = Components;
			sourceTree = "<group>";
		};
		E44E4C172C2EA26600DE3056 /* ViewModel */ = {
			isa = PBXGroup;
			children = (
			);
			path = ViewModel;
			sourceTree = "<group>";
		};
		E44E4C1A2C2EA2B000DE3056 /* Explore */ = {
			isa = PBXGroup;
			children = (
				E4E31D892C2F2D3C00FFE7D9 /* Components */,
				E44E4C1B2C2EA2B600DE3056 /* View */,
				E4E31D8A2C2F2D4600FFE7D9 /* ViewModel */,
			);
			path = Explore;
			sourceTree = "<group>";
		};
		E44E4C1B2C2EA2B600DE3056 /* View */ = {
			isa = PBXGroup;
			children = (
				E44E4C1C2C2EA2C100DE3056 /* ExploreView.swift */,
			);
			path = View;
			sourceTree = "<group>";
		};
		E4E31D892C2F2D3C00FFE7D9 /* Components */ = {
			isa = PBXGroup;
			children = (
				E4E31DAD2C309B6000FFE7D9 /* SearchTab.swift */,
			);
			path = Components;
			sourceTree = "<group>";
		};
		E4E31D8A2C2F2D4600FFE7D9 /* ViewModel */ = {
			isa = PBXGroup;
			children = (
			);
			path = ViewModel;
			sourceTree = "<group>";
		};
		E4E31DAF2C319F3100FFE7D9 /* OnBoarding */ = {
			isa = PBXGroup;
			children = (
				E4E31DB02C319F4300FFE7D9 /* View */,
			);
			path = OnBoarding;
			sourceTree = "<group>";
		};
		E4E31DB02C319F4300FFE7D9 /* View */ = {
			isa = PBXGroup;
			children = (
				E4E31DBA2C31AA8D00FFE7D9 /* Login.swift */,
			);
			path = View;
			sourceTree = "<group>";
		};
		E4E31DB12C319F6E00FFE7D9 /* Auth */ = {
			isa = PBXGroup;
			children = (
				E4E31DB32C319F7D00FFE7D9 /* ViewModel */,
				E4E31DB22C319F7800FFE7D9 /* View */,
			);
			path = Auth;
			sourceTree = "<group>";
		};
		E4E31DB22C319F7800FFE7D9 /* View */ = {
			isa = PBXGroup;
			children = (
			);
			path = View;
			sourceTree = "<group>";
		};
		E4E31DB32C319F7D00FFE7D9 /* ViewModel */ = {
			isa = PBXGroup;
			children = (
			);
			path = ViewModel;
			sourceTree = "<group>";
		};
/* End PBXGroup section */

/* Begin PBXNativeTarget section */
		E44E4BC12C2E885300DE3056 /* SwiftTeam */ = {
			isa = PBXNativeTarget;
			buildConfigurationList = E44E4BD02C2E885500DE3056 /* Build configuration list for PBXNativeTarget "SwiftTeam" */;
			buildPhases = (
				E44E4BBE2C2E885300DE3056 /* Sources */,
				E44E4BBF2C2E885300DE3056 /* Frameworks */,
				E44E4BC02C2E885300DE3056 /* Resources */,
			);
			buildRules = (
			);
			dependencies = (
			);
			name = SwiftTeam;
			packageProductDependencies = (
				E44E4C092C2E925000DE3056 /* SDWebImageSwiftUI */,
				E4E31D782C2EC2DB00FFE7D9 /* SwiftfulRouting */,
				E4E31D7B2C2EC2F700FFE7D9 /* SwiftfulUI */,
				E4E31DB72C31AA0D00FFE7D9 /* FirebaseAuth */,
			);
			productName = SwiftTeam;
			productReference = E44E4BC22C2E885300DE3056 /* SwiftTeam.app */;
			productType = "com.apple.product-type.application";
		};
/* End PBXNativeTarget section */

/* Begin PBXProject section */
		E44E4BBA2C2E885300DE3056 /* Project object */ = {
			isa = PBXProject;
			attributes = {
				BuildIndependentTargetsInParallel = 1;
				LastSwiftUpdateCheck = 1540;
				LastUpgradeCheck = 1540;
				TargetAttributes = {
					E44E4BC12C2E885300DE3056 = {
						CreatedOnToolsVersion = 15.4;
					};
				};
			};
			buildConfigurationList = E44E4BBD2C2E885300DE3056 /* Build configuration list for PBXProject "SwiftTeam" */;
			compatibilityVersion = "Xcode 14.0";
			developmentRegion = en;
			hasScannedForEncodings = 0;
			knownRegions = (
				en,
				Base,
			);
			mainGroup = E44E4BB92C2E885300DE3056;
			packageReferences = (
				E44E4C082C2E925000DE3056 /* XCRemoteSwiftPackageReference "SDWebImageSwiftUI" */,
				E4E31D772C2EC2DB00FFE7D9 /* XCRemoteSwiftPackageReference "SwiftfulRouting" */,
				E4E31D7A2C2EC2F700FFE7D9 /* XCRemoteSwiftPackageReference "SwiftfulUI" */,
				E4E31DB62C31AA0D00FFE7D9 /* XCRemoteSwiftPackageReference "firebase-ios-sdk" */,
			);
			productRefGroup = E44E4BC32C2E885300DE3056 /* Products */;
			projectDirPath = "";
			projectRoot = "";
			targets = (
				E44E4BC12C2E885300DE3056 /* SwiftTeam */,
			);
		};
/* End PBXProject section */

/* Begin PBXResourcesBuildPhase section */
		E44E4BC02C2E885300DE3056 /* Resources */ = {
			isa = PBXResourcesBuildPhase;
			buildActionMask = 2147483647;
			files = (
				E44E4BCD2C2E885500DE3056 /* Preview Assets.xcassets in Resources */,
				E44E4BCA2C2E885500DE3056 /* Assets.xcassets in Resources */,
				E4E31DB52C31A84700FFE7D9 /* GoogleService-Info.plist in Resources */,
			);
			runOnlyForDeploymentPostprocessing = 0;
		};
/* End PBXResourcesBuildPhase section */

/* Begin PBXSourcesBuildPhase section */
		E44E4BBE2C2E885300DE3056 /* Sources */ = {
			isa = PBXSourcesBuildPhase;
			buildActionMask = 2147483647;
			files = (
				E44E4BFE2C2E8FF200DE3056 /* CreatePostView.swift in Sources */,
				E44E4C072C2E920500DE3056 /* CircularProfileImageView.swift in Sources */,
				E44E4C032C2E8FF200DE3056 /* MediaTransferable.swift in Sources */,
				E4E31D822C2F239A00FFE7D9 /* FeedHeroCell.swift in Sources */,
				E44E4BFD2C2E8FF200DE3056 /* CreateDummyView.swift in Sources */,
				E44E4BF22C2E8F7900DE3056 /* FeedView.swift in Sources */,
				E44E4BE22C2E8D8700DE3056 /* HaskTextView.swift in Sources */,
				E4E31DBB2C31AA8D00FFE7D9 /* Login.swift in Sources */,
				E44E4BEC2C2E8EFD00DE3056 /* TabBarView.swift in Sources */,
				E4E31D862C2F23FB00FFE7D9 /* ImageLoaderView.swift in Sources */,
				E44E4C1D2C2EA2C100DE3056 /* ExploreView.swift in Sources */,
				E44E4BE02C2E8D5A00DE3056 /* StartView.swift in Sources */,
				E44E4BE82C2E8E6200DE3056 /* VideoPlayerCustom.swift in Sources */,
				E44E4C022C2E8FF200DE3056 /* MediaItemCard.swift in Sources */,
				E44E4BC82C2E885300DE3056 /* ContentView.swift in Sources */,
				E44E4C192C2EA27400DE3056 /* ActivityView.swift in Sources */,
				E44E4BE42C2E8DC300DE3056 /* Color.swift in Sources */,
				E44E4C132C2E9FB800DE3056 /* Post.swift in Sources */,
				E44E4C012C2E8FF200DE3056 /* AddPostButtons.swift in Sources */,
				E44E4BE62C2E8E2A00DE3056 /* ShimmerEffect.swift in Sources */,
				E44E4BEA2C2E8EB400DE3056 /* TransparentBlurView.swift in Sources */,
				E44E4BFF2C2E8FF200DE3056 /* CreatePostViewModel.swift in Sources */,
				E4E31DAE2C309B6000FFE7D9 /* SearchTab.swift in Sources */,
				E44E4C052C2E917800DE3056 /* VisibleIndexKey.swift in Sources */,
				E44E4C0F2C2E96B000DE3056 /* CurrentUserProfileView.swift in Sources */,
				E44E4BC62C2E885300DE3056 /* SwiftTeamApp.swift in Sources */,
				E44E4C0C2C2E92A900DE3056 /* User.swift in Sources */,
				E4E31D842C2F23D900FFE7D9 /* Constants.swift in Sources */,
			);
			runOnlyForDeploymentPostprocessing = 0;
		};
/* End PBXSourcesBuildPhase section */

/* Begin XCBuildConfiguration section */
		E44E4BCE2C2E885500DE3056 /* Debug */ = {
			isa = XCBuildConfiguration;
			buildSettings = {
				ALWAYS_SEARCH_USER_PATHS = NO;
				ASSETCATALOG_COMPILER_GENERATE_SWIFT_ASSET_SYMBOL_EXTENSIONS = YES;
				CLANG_ANALYZER_NONNULL = YES;
				CLANG_ANALYZER_NUMBER_OBJECT_CONVERSION = YES_AGGRESSIVE;
				CLANG_CXX_LANGUAGE_STANDARD = "gnu++20";
				CLANG_ENABLE_MODULES = YES;
				CLANG_ENABLE_OBJC_ARC = YES;
				CLANG_ENABLE_OBJC_WEAK = YES;
				CLANG_WARN_BLOCK_CAPTURE_AUTORELEASING = YES;
				CLANG_WARN_BOOL_CONVERSION = YES;
				CLANG_WARN_COMMA = YES;
				CLANG_WARN_CONSTANT_CONVERSION = YES;
				CLANG_WARN_DEPRECATED_OBJC_IMPLEMENTATIONS = YES;
				CLANG_WARN_DIRECT_OBJC_ISA_USAGE = YES_ERROR;
				CLANG_WARN_DOCUMENTATION_COMMENTS = YES;
				CLANG_WARN_EMPTY_BODY = YES;
				CLANG_WARN_ENUM_CONVERSION = YES;
				CLANG_WARN_INFINITE_RECURSION = YES;
				CLANG_WARN_INT_CONVERSION = YES;
				CLANG_WARN_NON_LITERAL_NULL_CONVERSION = YES;
				CLANG_WARN_OBJC_IMPLICIT_RETAIN_SELF = YES;
				CLANG_WARN_OBJC_LITERAL_CONVERSION = YES;
				CLANG_WARN_OBJC_ROOT_CLASS = YES_ERROR;
				CLANG_WARN_QUOTED_INCLUDE_IN_FRAMEWORK_HEADER = YES;
				CLANG_WARN_RANGE_LOOP_ANALYSIS = YES;
				CLANG_WARN_STRICT_PROTOTYPES = YES;
				CLANG_WARN_SUSPICIOUS_MOVE = YES;
				CLANG_WARN_UNGUARDED_AVAILABILITY = YES_AGGRESSIVE;
				CLANG_WARN_UNREACHABLE_CODE = YES;
				CLANG_WARN__DUPLICATE_METHOD_MATCH = YES;
				COPY_PHASE_STRIP = NO;
				DEBUG_INFORMATION_FORMAT = dwarf;
				ENABLE_STRICT_OBJC_MSGSEND = YES;
				ENABLE_TESTABILITY = YES;
				ENABLE_USER_SCRIPT_SANDBOXING = YES;
				GCC_C_LANGUAGE_STANDARD = gnu17;
				GCC_DYNAMIC_NO_PIC = NO;
				GCC_NO_COMMON_BLOCKS = YES;
				GCC_OPTIMIZATION_LEVEL = 0;
				GCC_PREPROCESSOR_DEFINITIONS = (
					"DEBUG=1",
					"$(inherited)",
				);
				GCC_WARN_64_TO_32_BIT_CONVERSION = YES;
				GCC_WARN_ABOUT_RETURN_TYPE = YES_ERROR;
				GCC_WARN_UNDECLARED_SELECTOR = YES;
				GCC_WARN_UNINITIALIZED_AUTOS = YES_AGGRESSIVE;
				GCC_WARN_UNUSED_FUNCTION = YES;
				GCC_WARN_UNUSED_VARIABLE = YES;
				IPHONEOS_DEPLOYMENT_TARGET = 17.5;
				LOCALIZATION_PREFERS_STRING_CATALOGS = YES;
				MTL_ENABLE_DEBUG_INFO = INCLUDE_SOURCE;
				MTL_FAST_MATH = YES;
				ONLY_ACTIVE_ARCH = YES;
				SDKROOT = iphoneos;
				SWIFT_ACTIVE_COMPILATION_CONDITIONS = "DEBUG $(inherited)";
				SWIFT_OPTIMIZATION_LEVEL = "-Onone";
			};
			name = Debug;
		};
		E44E4BCF2C2E885500DE3056 /* Release */ = {
			isa = XCBuildConfiguration;
			buildSettings = {
				ALWAYS_SEARCH_USER_PATHS = NO;
				ASSETCATALOG_COMPILER_GENERATE_SWIFT_ASSET_SYMBOL_EXTENSIONS = YES;
				CLANG_ANALYZER_NONNULL = YES;
				CLANG_ANALYZER_NUMBER_OBJECT_CONVERSION = YES_AGGRESSIVE;
				CLANG_CXX_LANGUAGE_STANDARD = "gnu++20";
				CLANG_ENABLE_MODULES = YES;
				CLANG_ENABLE_OBJC_ARC = YES;
				CLANG_ENABLE_OBJC_WEAK = YES;
				CLANG_WARN_BLOCK_CAPTURE_AUTORELEASING = YES;
				CLANG_WARN_BOOL_CONVERSION = YES;
				CLANG_WARN_COMMA = YES;
				CLANG_WARN_CONSTANT_CONVERSION = YES;
				CLANG_WARN_DEPRECATED_OBJC_IMPLEMENTATIONS = YES;
				CLANG_WARN_DIRECT_OBJC_ISA_USAGE = YES_ERROR;
				CLANG_WARN_DOCUMENTATION_COMMENTS = YES;
				CLANG_WARN_EMPTY_BODY = YES;
				CLANG_WARN_ENUM_CONVERSION = YES;
				CLANG_WARN_INFINITE_RECURSION = YES;
				CLANG_WARN_INT_CONVERSION = YES;
				CLANG_WARN_NON_LITERAL_NULL_CONVERSION = YES;
				CLANG_WARN_OBJC_IMPLICIT_RETAIN_SELF = YES;
				CLANG_WARN_OBJC_LITERAL_CONVERSION = YES;
				CLANG_WARN_OBJC_ROOT_CLASS = YES_ERROR;
				CLANG_WARN_QUOTED_INCLUDE_IN_FRAMEWORK_HEADER = YES;
				CLANG_WARN_RANGE_LOOP_ANALYSIS = YES;
				CLANG_WARN_STRICT_PROTOTYPES = YES;
				CLANG_WARN_SUSPICIOUS_MOVE = YES;
				CLANG_WARN_UNGUARDED_AVAILABILITY = YES_AGGRESSIVE;
				CLANG_WARN_UNREACHABLE_CODE = YES;
				CLANG_WARN__DUPLICATE_METHOD_MATCH = YES;
				COPY_PHASE_STRIP = NO;
				DEBUG_INFORMATION_FORMAT = "dwarf-with-dsym";
				ENABLE_NS_ASSERTIONS = NO;
				ENABLE_STRICT_OBJC_MSGSEND = YES;
				ENABLE_USER_SCRIPT_SANDBOXING = YES;
				GCC_C_LANGUAGE_STANDARD = gnu17;
				GCC_NO_COMMON_BLOCKS = YES;
				GCC_WARN_64_TO_32_BIT_CONVERSION = YES;
				GCC_WARN_ABOUT_RETURN_TYPE = YES_ERROR;
				GCC_WARN_UNDECLARED_SELECTOR = YES;
				GCC_WARN_UNINITIALIZED_AUTOS = YES_AGGRESSIVE;
				GCC_WARN_UNUSED_FUNCTION = YES;
				GCC_WARN_UNUSED_VARIABLE = YES;
				IPHONEOS_DEPLOYMENT_TARGET = 17.5;
				LOCALIZATION_PREFERS_STRING_CATALOGS = YES;
				MTL_ENABLE_DEBUG_INFO = NO;
				MTL_FAST_MATH = YES;
				SDKROOT = iphoneos;
				SWIFT_COMPILATION_MODE = wholemodule;
				VALIDATE_PRODUCT = YES;
			};
			name = Release;
		};
		E44E4BD12C2E885500DE3056 /* Debug */ = {
			isa = XCBuildConfiguration;
			buildSettings = {
				ASSETCATALOG_COMPILER_APPICON_NAME = AppIcon;
				ASSETCATALOG_COMPILER_GLOBAL_ACCENT_COLOR_NAME = AccentColor;
				CODE_SIGN_ENTITLEMENTS = SwiftTeam/SwiftTeam.entitlements;
				CODE_SIGN_IDENTITY = "Apple Development";
				CODE_SIGN_STYLE = Automatic;
				CURRENT_PROJECT_VERSION = 1;
				DEVELOPMENT_ASSET_PATHS = "\"SwiftTeam/Preview Content\"";
				DEVELOPMENT_TEAM = 62UE764E85;
				ENABLE_PREVIEWS = YES;
				GENERATE_INFOPLIST_FILE = YES;
				INFOPLIST_KEY_CFBundleDisplayName = "Swift Team";
				INFOPLIST_KEY_UIApplicationSceneManifest_Generation = YES;
				INFOPLIST_KEY_UIApplicationSupportsIndirectInputEvents = YES;
				INFOPLIST_KEY_UILaunchScreen_Generation = YES;
				INFOPLIST_KEY_UISupportedInterfaceOrientations = UIInterfaceOrientationPortrait;
				INFOPLIST_KEY_UISupportedInterfaceOrientations_iPad = "UIInterfaceOrientationLandscapeLeft UIInterfaceOrientationLandscapeRight UIInterfaceOrientationPortrait UIInterfaceOrientationPortraitUpsideDown";
				IPHONEOS_DEPLOYMENT_TARGET = 17.0;
				LD_RUNPATH_SEARCH_PATHS = (
					"$(inherited)",
					"@executable_path/Frameworks",
				);
				MARKETING_VERSION = 1.0;
				PRODUCT_BUNDLE_IDENTIFIER = com.benjiloya.SwiftTeam;
				PRODUCT_NAME = "$(TARGET_NAME)";
				PROVISIONING_PROFILE_SPECIFIER = "";
				SUPPORTED_PLATFORMS = "iphoneos iphonesimulator";
				SUPPORTS_MACCATALYST = NO;
				SUPPORTS_XR_DESIGNED_FOR_IPHONE_IPAD = NO;
				SWIFT_EMIT_LOC_STRINGS = YES;
				SWIFT_VERSION = 5.0;
				TARGETED_DEVICE_FAMILY = 1;
			};
			name = Debug;
		};
		E44E4BD22C2E885500DE3056 /* Release */ = {
			isa = XCBuildConfiguration;
			buildSettings = {
				ASSETCATALOG_COMPILER_APPICON_NAME = AppIcon;
				ASSETCATALOG_COMPILER_GLOBAL_ACCENT_COLOR_NAME = AccentColor;
				CODE_SIGN_ENTITLEMENTS = SwiftTeam/SwiftTeam.entitlements;
				CODE_SIGN_IDENTITY = "Apple Development";
				CODE_SIGN_STYLE = Automatic;
				CURRENT_PROJECT_VERSION = 1;
				DEVELOPMENT_ASSET_PATHS = "\"SwiftTeam/Preview Content\"";
				DEVELOPMENT_TEAM = 62UE764E85;
				ENABLE_PREVIEWS = YES;
				GENERATE_INFOPLIST_FILE = YES;
				INFOPLIST_KEY_CFBundleDisplayName = "Swift Team";
				INFOPLIST_KEY_UIApplicationSceneManifest_Generation = YES;
				INFOPLIST_KEY_UIApplicationSupportsIndirectInputEvents = YES;
				INFOPLIST_KEY_UILaunchScreen_Generation = YES;
				INFOPLIST_KEY_UISupportedInterfaceOrientations = UIInterfaceOrientationPortrait;
				INFOPLIST_KEY_UISupportedInterfaceOrientations_iPad = "UIInterfaceOrientationLandscapeLeft UIInterfaceOrientationLandscapeRight UIInterfaceOrientationPortrait UIInterfaceOrientationPortraitUpsideDown";
				IPHONEOS_DEPLOYMENT_TARGET = 17.0;
				LD_RUNPATH_SEARCH_PATHS = (
					"$(inherited)",
					"@executable_path/Frameworks",
				);
				MARKETING_VERSION = 1.0;
				PRODUCT_BUNDLE_IDENTIFIER = com.benjiloya.SwiftTeam;
				PRODUCT_NAME = "$(TARGET_NAME)";
				PROVISIONING_PROFILE_SPECIFIER = "";
				SUPPORTED_PLATFORMS = "iphoneos iphonesimulator";
				SUPPORTS_MACCATALYST = NO;
				SUPPORTS_XR_DESIGNED_FOR_IPHONE_IPAD = NO;
				SWIFT_EMIT_LOC_STRINGS = YES;
				SWIFT_VERSION = 5.0;
				TARGETED_DEVICE_FAMILY = 1;
			};
			name = Release;
		};
/* End XCBuildConfiguration section */

/* Begin XCConfigurationList section */
		E44E4BBD2C2E885300DE3056 /* Build configuration list for PBXProject "SwiftTeam" */ = {
			isa = XCConfigurationList;
			buildConfigurations = (
				E44E4BCE2C2E885500DE3056 /* Debug */,
				E44E4BCF2C2E885500DE3056 /* Release */,
			);
			defaultConfigurationIsVisible = 0;
			defaultConfigurationName = Release;
		};
		E44E4BD02C2E885500DE3056 /* Build configuration list for PBXNativeTarget "SwiftTeam" */ = {
			isa = XCConfigurationList;
			buildConfigurations = (
				E44E4BD12C2E885500DE3056 /* Debug */,
				E44E4BD22C2E885500DE3056 /* Release */,
			);
			defaultConfigurationIsVisible = 0;
			defaultConfigurationName = Release;
		};
/* End XCConfigurationList section */

/* Begin XCRemoteSwiftPackageReference section */
		E44E4C082C2E925000DE3056 /* XCRemoteSwiftPackageReference "SDWebImageSwiftUI" */ = {
			isa = XCRemoteSwiftPackageReference;
			repositoryURL = "https://github.com/SDWebImage/SDWebImageSwiftUI.git";
			requirement = {
				kind = upToNextMajorVersion;
				minimumVersion = 3.1.0;
			};
		};
		E4E31D772C2EC2DB00FFE7D9 /* XCRemoteSwiftPackageReference "SwiftfulRouting" */ = {
			isa = XCRemoteSwiftPackageReference;
			repositoryURL = "https://github.com/SwiftfulThinking/SwiftfulRouting.git";
			requirement = {
				kind = upToNextMajorVersion;
				minimumVersion = 5.3.5;
			};
		};
		E4E31D7A2C2EC2F700FFE7D9 /* XCRemoteSwiftPackageReference "SwiftfulUI" */ = {
			isa = XCRemoteSwiftPackageReference;
			repositoryURL = "https://github.com/SwiftfulThinking/SwiftfulUI.git";
			requirement = {
				kind = upToNextMajorVersion;
				minimumVersion = 1.2.0;
			};
		};
		E4E31DB62C31AA0D00FFE7D9 /* XCRemoteSwiftPackageReference "firebase-ios-sdk" */ = {
			isa = XCRemoteSwiftPackageReference;
			repositoryURL = "https://github.com/firebase/firebase-ios-sdk";
			requirement = {
				kind = upToNextMajorVersion;
				minimumVersion = 10.28.1;
			};
		};
/* End XCRemoteSwiftPackageReference section */

/* Begin XCSwiftPackageProductDependency section */
		E44E4C092C2E925000DE3056 /* SDWebImageSwiftUI */ = {
			isa = XCSwiftPackageProductDependency;
			package = E44E4C082C2E925000DE3056 /* XCRemoteSwiftPackageReference "SDWebImageSwiftUI" */;
			productName = SDWebImageSwiftUI;
		};
		E4E31D782C2EC2DB00FFE7D9 /* SwiftfulRouting */ = {
			isa = XCSwiftPackageProductDependency;
			package = E4E31D772C2EC2DB00FFE7D9 /* XCRemoteSwiftPackageReference "SwiftfulRouting" */;
			productName = SwiftfulRouting;
		};
		E4E31D7B2C2EC2F700FFE7D9 /* SwiftfulUI */ = {
			isa = XCSwiftPackageProductDependency;
			package = E4E31D7A2C2EC2F700FFE7D9 /* XCRemoteSwiftPackageReference "SwiftfulUI" */;
			productName = SwiftfulUI;
		};
		E4E31DB72C31AA0D00FFE7D9 /* FirebaseAuth */ = {
			isa = XCSwiftPackageProductDependency;
			package = E4E31DB62C31AA0D00FFE7D9 /* XCRemoteSwiftPackageReference "firebase-ios-sdk" */;
			productName = FirebaseAuth;
		};
/* End XCSwiftPackageProductDependency section */
	};
	rootObject = E44E4BBA2C2E885300DE3056 /* Project object */;
}
